
Microsoft Visual Studio Solution File, Format Version 12.00
# Visual Studio Version 17
VisualStudioVersion = 17.14.36221.1 d17.14
MinimumVisualStudioVersion = 10.0.40219.1
Project("{FAE04EC0-301F-11D3-BF4B-00C04F79EFBC}") = "Finanace_Management_System", "Finanace_Management_System\Finanace_Management_System.csproj", "{64BE63F9-76B5-4578-A32B-6EE5A03DE240}"
EndProject
Global
	GlobalSection(SolutionConfigurationPlatforms) = preSolution
		Debug|Any CPU = Debug|Any CPU
		Release|Any CPU = Release|Any CPU
	EndGlobalSection
	GlobalSection(ProjectConfigurationPlatforms) = postSolution
		{64BE63F9-76B5-4578-A32B-6EE5A03DE240}.Debug|Any CPU.ActiveCfg = Debug|Any CPU
		{64BE63F9-76B5-4578-A32B-6EE5A03DE240}.Debug|Any CPU.Build.0 = Debug|Any CPU
		{64BE63F9-76B5-4578-A32B-6EE5A03DE240}.Release|Any CPU.ActiveCfg = Release|Any CPU
		{64BE63F9-76B5-4578-A32B-6EE5A03DE240}.Release|Any CPU.Build.0 = Release|Any CPU
	EndGlobalSection
	GlobalSection(SolutionProperties) = preSolution
		HideSolutionNode = FALSE
	EndGlobalSection
	GlobalSection(ExtensibilityGlobals) = postSolution
		SolutionGuid = {1413C95A-23EB-4FC5-8734-F17C149CA7EF}
	EndGlobalSection
EndGlobal
